
Microsoft Visual Studio Solution File, Format Version 12.00
# Visual Studio Version 17
VisualStudioVersion = 17.7.34031.279
MinimumVisualStudioVersion = 10.0.40219.1
Project("{9A19103F-16F7-4668-BE54-9A1E7A4F7556}") = "FlowerShop_Web", "FlowerShop_Web\FlowerShop_Web.csproj", "{2F4BB73E-567D-43AE-B974-088A78A22FEB}"
EndProject
Global
	GlobalSection(SolutionConfigurationPlatforms) = preSolution
		Debug|Any CPU = Debug|Any CPU
		Release|Any CPU = Release|Any CPU
	EndGlobalSection
	GlobalSection(ProjectConfigurationPlatforms) = postSolution
		{2F4BB73E-567D-43AE-B974-088A78A22FEB}.Debug|Any CPU.ActiveCfg = Debug|Any CPU
		{2F4BB73E-567D-43AE-B974-088A78A22FEB}.Debug|Any CPU.Build.0 = Debug|Any CPU
		{2F4BB73E-567D-43AE-B974-088A78A22FEB}.Release|Any CPU.ActiveCfg = Release|Any CPU
		{2F4BB73E-567D-43AE-B974-088A78A22FEB}.Release|Any CPU.Build.0 = Release|Any CPU
	EndGlobalSection
	GlobalSection(SolutionProperties) = preSolution
		HideSolutionNode = FALSE
	EndGlobalSection
	GlobalSection(ExtensibilityGlobals) = postSolution
		SolutionGuid = {D5580562-86DB-43BE-8445-1C724C234E14}
	EndGlobalSection
EndGlobal
