
Microsoft Visual Studio Solution File, Format Version 12.00
# Visual Studio Version 17
VisualStudioVersion = 17.7.34031.279
MinimumVisualStudioVersion = 10.0.40219.1
Project("{9A19103F-16F7-4668-BE54-9A1E7A4F7556}") = "FlowerShop_Web", "FlowerShop_Web\FlowerShop_Web.csproj", "{2F4BB73E-567D-43AE-B974-088A78A22FEB}"
EndProject
Project("{9A19103F-16F7-4668-BE54-9A1E7A4F7556}") = "Flower_Models", "Flower_Models\Flower_Models.csproj", "{C2A95B12-5BE2-4CD1-882B-582B74E0E27A}"
EndProject
Project("{9A19103F-16F7-4668-BE54-9A1E7A4F7556}") = "Flower_Repository", "Flower_Repository\Flower_Repository.csproj", "{0B00D58D-505C-4EDD-A20A-C6CA11CDE34A}"
EndProject
Project("{9A19103F-16F7-4668-BE54-9A1E7A4F7556}") = "Flower_Services", "Flower_Services\Flower_Services.csproj", "{37D61B8B-C7FB-433C-86A8-EF1EA9DBED70}"
EndProject
Project("{FAE04EC0-301F-11D3-BF4B-00C04F79EFBC}") = "Flower_ViewModels", "Flower_ViewModels\Flower_ViewModels.csproj", "{C480D06E-4D43-41DD-A6D7-B9371AEEC36E}"
EndProject
Global
	GlobalSection(SolutionConfigurationPlatforms) = preSolution
		Debug|Any CPU = Debug|Any CPU
		Release|Any CPU = Release|Any CPU
	EndGlobalSection
	GlobalSection(ProjectConfigurationPlatforms) = postSolution
		{2F4BB73E-567D-43AE-B974-088A78A22FEB}.Debug|Any CPU.ActiveCfg = Debug|Any CPU
		{2F4BB73E-567D-43AE-B974-088A78A22FEB}.Debug|Any CPU.Build.0 = Debug|Any CPU
		{2F4BB73E-567D-43AE-B974-088A78A22FEB}.Release|Any CPU.ActiveCfg = Release|Any CPU
		{2F4BB73E-567D-43AE-B974-088A78A22FEB}.Release|Any CPU.Build.0 = Release|Any CPU
		{C2A95B12-5BE2-4CD1-882B-582B74E0E27A}.Debug|Any CPU.ActiveCfg = Debug|Any CPU
		{C2A95B12-5BE2-4CD1-882B-582B74E0E27A}.Debug|Any CPU.Build.0 = Debug|Any CPU
		{C2A95B12-5BE2-4CD1-882B-582B74E0E27A}.Release|Any CPU.ActiveCfg = Release|Any CPU
		{C2A95B12-5BE2-4CD1-882B-582B74E0E27A}.Release|Any CPU.Build.0 = Release|Any CPU
		{0B00D58D-505C-4EDD-A20A-C6CA11CDE34A}.Debug|Any CPU.ActiveCfg = Debug|Any CPU
		{0B00D58D-505C-4EDD-A20A-C6CA11CDE34A}.Debug|Any CPU.Build.0 = Debug|Any CPU
		{0B00D58D-505C-4EDD-A20A-C6CA11CDE34A}.Release|Any CPU.ActiveCfg = Release|Any CPU
		{0B00D58D-505C-4EDD-A20A-C6CA11CDE34A}.Release|Any CPU.Build.0 = Release|Any CPU
		{37D61B8B-C7FB-433C-86A8-EF1EA9DBED70}.Debug|Any CPU.ActiveCfg = Debug|Any CPU
		{37D61B8B-C7FB-433C-86A8-EF1EA9DBED70}.Debug|Any CPU.Build.0 = Debug|Any CPU
		{37D61B8B-C7FB-433C-86A8-EF1EA9DBED70}.Release|Any CPU.ActiveCfg = Release|Any CPU
		{37D61B8B-C7FB-433C-86A8-EF1EA9DBED70}.Release|Any CPU.Build.0 = Release|Any CPU
		{C480D06E-4D43-41DD-A6D7-B9371AEEC36E}.Debug|Any CPU.ActiveCfg = Debug|Any CPU
		{C480D06E-4D43-41DD-A6D7-B9371AEEC36E}.Debug|Any CPU.Build.0 = Debug|Any CPU
		{C480D06E-4D43-41DD-A6D7-B9371AEEC36E}.Release|Any CPU.ActiveCfg = Release|Any CPU
		{C480D06E-4D43-41DD-A6D7-B9371AEEC36E}.Release|Any CPU.Build.0 = Release|Any CPU
	EndGlobalSection
	GlobalSection(SolutionProperties) = preSolution
		HideSolutionNode = FALSE
	EndGlobalSection
	GlobalSection(ExtensibilityGlobals) = postSolution
		SolutionGuid = {D5580562-86DB-43BE-8445-1C724C234E14}
	EndGlobalSection
EndGlobal
